
Microsoft Visual Studio Solution File, Format Version 12.00
# Visual Studio 2017
Project("{FAE04EC0-301F-11D3-BF4B-00C04F79EFBC}") = "BackgroundLoading", "BackgroundLoading.csproj", "{588DEBC2-9625-BE32-DEFE-8CF684CA16BB}"
EndProject
Global
	GlobalSection(SolutionConfigurationPlatforms) = preSolution
		Debug|Any CPU = Debug|Any CPU
		Release|Any CPU = Release|Any CPU
	EndGlobalSection
	GlobalSection(ProjectConfigurationPlatforms) = postSolution
		{588DEBC2-9625-BE32-DEFE-8CF684CA16BB}.Debug|Any CPU.ActiveCfg = Debug|Any CPU
		{588DEBC2-9625-BE32-DEFE-8CF684CA16BB}.Debug|Any CPU.Build.0 = Debug|Any CPU
		{588DEBC2-9625-BE32-DEFE-8CF684CA16BB}.Release|Any CPU.ActiveCfg = Release|Any CPU
		{588DEBC2-9625-BE32-DEFE-8CF684CA16BB}.Release|Any CPU.Build.0 = Release|Any CPU
	EndGlobalSection
	GlobalSection(SolutionProperties) = preSolution
		HideSolutionNode = FALSE
	EndGlobalSection
EndGlobal
